
Microsoft Visual Studio Solution File, Format Version 12.00
# Visual Studio Version 17
VisualStudioVersion = 17.14.36518.9
MinimumVisualStudioVersion = 10.0.40219.1
Project("{FAE04EC0-301F-11D3-BF4B-00C04F79EFBC}") = "Simulator", "Simulator\Simulator.csproj", "{3B4A3EBA-4443-416D-BF39-FDA5657F916F}"
EndProject
Project("{FAE04EC0-301F-11D3-BF4B-00C04F79EFBC}") = "Runner", "Runner\Runner.csproj", "{1DA65907-BC64-4145-874B-D04688C39DEA}"
EndProject
Project("{FAE04EC0-301F-11D3-BF4B-00C04F79EFBC}") = "TestSimulator", "TestSimulator\TestSimulator.csproj", "{8F50FF10-4C8E-4773-850D-7E0E8F6A9C12}"
EndProject
Global
	GlobalSection(SolutionConfigurationPlatforms) = preSolution
		Debug|Any CPU = Debug|Any CPU
		Release|Any CPU = Release|Any CPU
	EndGlobalSection
	GlobalSection(ProjectConfigurationPlatforms) = postSolution
		{3B4A3EBA-4443-416D-BF39-FDA5657F916F}.Debug|Any CPU.ActiveCfg = Debug|Any CPU
		{3B4A3EBA-4443-416D-BF39-FDA5657F916F}.Debug|Any CPU.Build.0 = Debug|Any CPU
		{3B4A3EBA-4443-416D-BF39-FDA5657F916F}.Release|Any CPU.ActiveCfg = Release|Any CPU
		{3B4A3EBA-4443-416D-BF39-FDA5657F916F}.Release|Any CPU.Build.0 = Release|Any CPU
		{1DA65907-BC64-4145-874B-D04688C39DEA}.Debug|Any CPU.ActiveCfg = Debug|Any CPU
		{1DA65907-BC64-4145-874B-D04688C39DEA}.Debug|Any CPU.Build.0 = Debug|Any CPU
		{1DA65907-BC64-4145-874B-D04688C39DEA}.Release|Any CPU.ActiveCfg = Release|Any CPU
		{1DA65907-BC64-4145-874B-D04688C39DEA}.Release|Any CPU.Build.0 = Release|Any CPU
		{8F50FF10-4C8E-4773-850D-7E0E8F6A9C12}.Debug|Any CPU.ActiveCfg = Debug|Any CPU
		{8F50FF10-4C8E-4773-850D-7E0E8F6A9C12}.Debug|Any CPU.Build.0 = Debug|Any CPU
		{8F50FF10-4C8E-4773-850D-7E0E8F6A9C12}.Release|Any CPU.ActiveCfg = Release|Any CPU
		{8F50FF10-4C8E-4773-850D-7E0E8F6A9C12}.Release|Any CPU.Build.0 = Release|Any CPU
	EndGlobalSection
	GlobalSection(SolutionProperties) = preSolution
		HideSolutionNode = FALSE
	EndGlobalSection
	GlobalSection(ExtensibilityGlobals) = postSolution
		SolutionGuid = {1C4CF3C1-E826-4FC5-97F0-FD07C0230D19}
	EndGlobalSection
EndGlobal
